lockfileVersion: 5.4

specifiers:
  '@types/node': ^18.15.0
  prettier: ^2.8.4
  rehype-parse: ^8.0.4
  rehype-stringify: ^9.0.3
  ts-node: ^10.9.1
  tslib: ^2.5.0
  typescript: ^4.9.5
  unified: ^10.1.2
  unist-util-visit: ^4.1.2

dependencies:
  rehype-parse: 8.0.4
  rehype-stringify: 9.0.3
  unified: 10.1.2
  unist-util-visit: 4.1.2

devDependencies:
  '@types/node': 18.15.0
  prettier: 2.8.4
  ts-node: 10.9.1_lwgqdwokjtwlohdqtbb6s252kq
  tslib: 2.5.0
  typescript: 4.9.5

packages:

  /@cspotcode/source-map-support/0.8.1:
    resolution: {integrity: sha512-IchNf6dN4tHoMFIn/7OE8LWZ19Y6q/67Bmf6vnGREv8RSbBVb9LPJxEcnwrcwX6ixSvaiGoomAUvu4YSxXrVgw==}
    engines: {node: '>=12'}
    dependencies:
      '@jridgewell/trace-mapping': 0.3.9
    dev: true

  /@jridgewell/resolve-uri/3.1.0:
    resolution: {integrity: sha512-F2msla3tad+Mfht5cJq7LSXcdudKTWCVYUgw6pLFOOHSTtZlj6SWNYAp+AhuqLmWdBO2X5hPrLcu8cVP8fy28w==}
    engines: {node: '>=6.0.0'}
    dev: true

  /@jridgewell/sourcemap-codec/1.4.14:
    resolution: {integrity: sha512-XPSJHWmi394fuUuzDnGz1wiKqWfo1yXecHQMRf2l6hztTO+nPru658AyDngaBe7isIxEkRsPR3FZh+s7iVa4Uw==}
    dev: true

  /@jridgewell/trace-mapping/0.3.9:
    resolution: {integrity: sha512-3Belt6tdc8bPgAtbcmdtNJlirVoTmEb5e2gC94PnkwEW9jI6CAHUeoG85tjWP5WquqfavoMtMwiG4P926ZKKuQ==}
    dependencies:
      '@jridgewell/resolve-uri': 3.1.0
      '@jridgewell/sourcemap-codec': 1.4.14
    dev: true

  /@tsconfig/node10/1.0.9:
    resolution: {integrity: sha512-jNsYVVxU8v5g43Erja32laIDHXeoNvFEpX33OK4d6hljo3jDhCBDhx5dhCCTMWUojscpAagGiRkBKxpdl9fxqA==}
    dev: true

  /@tsconfig/node12/1.0.11:
    resolution: {integrity: sha512-cqefuRsh12pWyGsIoBKJA9luFu3mRxCA+ORZvA4ktLSzIuCUtWVxGIuXigEwO5/ywWFMZ2QEGKWvkZG1zDMTag==}
    dev: true

  /@tsconfig/node14/1.0.3:
    resolution: {integrity: sha512-ysT8mhdixWK6Hw3i1V2AeRqZ5WfXg1G43mqoYlM2nc6388Fq5jcXyr5mRsqViLx/GJYdoL0bfXD8nmF+Zn/Iow==}
    dev: true

  /@tsconfig/node16/1.0.3:
    resolution: {integrity: sha512-yOlFc+7UtL/89t2ZhjPvvB/DeAr3r+Dq58IgzsFkOAvVC6NMJXmCGjbptdXdR9qsX7pKcTL+s87FtYREi2dEEQ==}
    dev: true

  /@types/hast/2.3.4:
    resolution: {integrity: sha512-wLEm0QvaoawEDoTRwzTXp4b4jpwiJDvR5KMnFnVodm3scufTlBOWRD6N1OBf9TZMhjlNsSfcO5V+7AF4+Vy+9g==}
    dependencies:
      '@types/unist': 2.0.6
    dev: false

  /@types/node/18.15.0:
    resolution: {integrity: sha512-z6nr0TTEOBGkzLGmbypWOGnpSpSIBorEhC4L+4HeQ2iezKCi4f77kyslRwvHeNitymGQ+oFyIWGP96l/DPSV9w==}
    dev: true

  /@types/parse5/6.0.3:
    resolution: {integrity: sha512-SuT16Q1K51EAVPz1K29DJ/sXjhSQ0zjvsypYJ6tlwVsRV9jwW5Adq2ch8Dq8kDBCkYnELS7N7VNCSB5nC56t/g==}
    dev: false

  /@types/unist/2.0.6:
    resolution: {integrity: sha512-PBjIUxZHOuj0R15/xuwJYjFi+KZdNFrehocChv4g5hu6aFroHue8m0lBP0POdK2nKzbw0cgV1mws8+V/JAcEkQ==}
    dev: false

  /acorn-walk/8.2.0:
    resolution: {integrity: sha512-k+iyHEuPgSw6SbuDpGQM+06HQUa04DZ3o+F6CSzXMvvI5KMvnaEqXe+YVe555R9nn6GPt404fos4wcgpw12SDA==}
    engines: {node: '>=0.4.0'}
    dev: true

  /acorn/8.8.2:
    resolution: {integrity: sha512-xjIYgE8HBrkpd/sJqOGNspf8uHG+NOHGOw6a/Urj8taM2EXfdNAH2oFcPeIFfsv3+kz/mJrS5VuMqbNLjCa2vw==}
    engines: {node: '>=0.4.0'}
    hasBin: true
    dev: true

  /arg/4.1.3:
    resolution: {integrity: sha512-58S9QDqG0Xx27YwPSt9fJxivjYl432YCwfDMfZ+71RAqUrZef7LrKQZ3LHLOwCS4FLNBplP533Zx895SeOCHvA==}
    dev: true

  /bail/2.0.2:
    resolution: {integrity: sha512-0xO6mYd7JB2YesxDKplafRpsiOzPt9V02ddPCLbY1xYGPOX24NTyN50qnUxgCPcSoYMhKpAuBTjQoRZCAkUDRw==}
    dev: false

  /ccount/2.0.1:
    resolution: {integrity: sha512-eyrF0jiFpY+3drT6383f1qhkbGsLSifNAjA61IUjZjmLCWjItY6LB9ft9YhoDgwfmclB2zhu51Lc7+95b8NRAg==}
    dev: false

  /character-entities-html4/2.1.0:
    resolution: {integrity: sha512-1v7fgQRj6hnSwFpq1Eu0ynr/CDEw0rXo2B61qXrLNdHZmPKgb7fqS1a2JwF0rISo9q77jDI8VMEHoApn8qDoZA==}
    dev: false

  /character-entities-legacy/3.0.0:
    resolution: {integrity: sha512-RpPp0asT/6ufRm//AJVwpViZbGM/MkjQFxJccQRHmISF/22NBtsHqAWmL+/pmkPWoIUJdWyeVleTl1wydHATVQ==}
    dev: false

  /comma-separated-tokens/2.0.3:
    resolution: {integrity: sha512-Fu4hJdvzeylCfQPp9SGWidpzrMs7tTrlu6Vb8XGaRGck8QSNZJJp538Wrb60Lax4fPwR64ViY468OIUTbRlGZg==}
    dev: false

  /create-require/1.1.1:
    resolution: {integrity: sha512-dcKFX3jn0MpIaXjisoRvexIJVEKzaq7z2rZKxf+MSr9TkdmHmsU4m2lcLojrj/FHl8mk5VxMmYA+ftRkP/3oKQ==}
    dev: true

  /diff/4.0.2:
    resolution: {integrity: sha512-58lmxKSA4BNyLz+HHMUzlOEpg09FV+ev6ZMe3vJihgdxzgcwZ8VoEEPmALCZG9LmqfVoNMMKpttIYTVG6uDY7A==}
    engines: {node: '>=0.3.1'}
    dev: true

  /extend/3.0.2:
    resolution: {integrity: sha512-fjquC59cD7CyW6urNXK0FBufkZcoiGG80wTuPujX590cB5Ttln20E2UB4S/WARVqhXffZl2LNgS+gQdPIIim/g==}
    dev: false

  /hast-util-from-parse5/7.1.2:
    resolution: {integrity: sha512-Nz7FfPBuljzsN3tCQ4kCBKqdNhQE2l0Tn+X1ubgKBPRoiDIu1mL08Cfw4k7q71+Duyaw7DXDN+VTAp4Vh3oCOw==}
    dependencies:
      '@types/hast': 2.3.4
      '@types/unist': 2.0.6
      hastscript: 7.2.0
      property-information: 6.2.0
      vfile: 5.3.7
      vfile-location: 4.1.0
      web-namespaces: 2.0.1
    dev: false

  /hast-util-parse-selector/3.1.1:
    resolution: {integrity: sha512-jdlwBjEexy1oGz0aJ2f4GKMaVKkA9jwjr4MjAAI22E5fM/TXVZHuS5OpONtdeIkRKqAaryQ2E9xNQxijoThSZA==}
    dependencies:
      '@types/hast': 2.3.4
    dev: false

  /hast-util-raw/7.2.3:
    resolution: {integrity: sha512-RujVQfVsOrxzPOPSzZFiwofMArbQke6DJjnFfceiEbFh7S05CbPt0cYN+A5YeD3pso0JQk6O1aHBnx9+Pm2uqg==}
    dependencies:
      '@types/hast': 2.3.4
      '@types/parse5': 6.0.3
      hast-util-from-parse5: 7.1.2
      hast-util-to-parse5: 7.1.0
      html-void-elements: 2.0.1
      parse5: 6.0.1
      unist-util-position: 4.0.4
      unist-util-visit: 4.1.2
      vfile: 5.3.7
      web-namespaces: 2.0.1
      zwitch: 2.0.4
    dev: false

  /hast-util-to-html/8.0.4:
    resolution: {integrity: sha512-4tpQTUOr9BMjtYyNlt0P50mH7xj0Ks2xpo8M943Vykljf99HW6EzulIoJP1N3eKOSScEHzyzi9dm7/cn0RfGwA==}
    dependencies:
      '@types/hast': 2.3.4
      '@types/unist': 2.0.6
      ccount: 2.0.1
      comma-separated-tokens: 2.0.3
      hast-util-raw: 7.2.3
      hast-util-whitespace: 2.0.1
      html-void-elements: 2.0.1
      property-information: 6.2.0
      space-separated-tokens: 2.0.2
      stringify-entities: 4.0.3
      zwitch: 2.0.4
    dev: false

  /hast-util-to-parse5/7.1.0:
    resolution: {integrity: sha512-YNRgAJkH2Jky5ySkIqFXTQiaqcAtJyVE+D5lkN6CdtOqrnkLfGYYrEcKuHOJZlp+MwjSwuD3fZuawI+sic/RBw==}
    dependencies:
      '@types/hast': 2.3.4
      comma-separated-tokens: 2.0.3
      property-information: 6.2.0
      space-separated-tokens: 2.0.2
      web-namespaces: 2.0.1
      zwitch: 2.0.4
    dev: false

  /hast-util-whitespace/2.0.1:
    resolution: {integrity: sha512-nAxA0v8+vXSBDt3AnRUNjyRIQ0rD+ntpbAp4LnPkumc5M9yUbSMa4XDU9Q6etY4f1Wp4bNgvc1yjiZtsTTrSng==}
    dev: false

  /hastscript/7.2.0:
    resolution: {integrity: sha512-TtYPq24IldU8iKoJQqvZOuhi5CyCQRAbvDOX0x1eW6rsHSxa/1i2CCiptNTotGHJ3VoHRGmqiv6/D3q113ikkw==}
    dependencies:
      '@types/hast': 2.3.4
      comma-separated-tokens: 2.0.3
      hast-util-parse-selector: 3.1.1
      property-information: 6.2.0
      space-separated-tokens: 2.0.2
    dev: false

  /html-void-elements/2.0.1:
    resolution: {integrity: sha512-0quDb7s97CfemeJAnW9wC0hw78MtW7NU3hqtCD75g2vFlDLt36llsYD7uB7SUzojLMP24N5IatXf7ylGXiGG9A==}
    dev: false

  /is-buffer/2.0.5:
    resolution: {integrity: sha512-i2R6zNFDwgEHJyQUtJEk0XFi1i0dPFn/oqjK3/vPCcDeJvW5NQ83V8QbicfF1SupOaB0h8ntgBC2YiE7dfyctQ==}
    engines: {node: '>=4'}
    dev: false

  /is-plain-obj/4.1.0:
    resolution: {integrity: sha512-+Pgi+vMuUNkJyExiMBt5IlFoMyKnr5zhJ4Uspz58WOhBF5QoIZkFyNHIbBAtHwzVAgk5RtndVNsDRN61/mmDqg==}
    engines: {node: '>=12'}
    dev: false

  /make-error/1.3.6:
    resolution: {integrity: sha512-s8UhlNe7vPKomQhC1qFelMokr/Sc3AgNbso3n74mVPA5LTZwkB9NlXf4XPamLxJE8h0gh73rM94xvwRT2CVInw==}
    dev: true

  /parse5/6.0.1:
    resolution: {integrity: sha512-Ofn/CTFzRGTTxwpNEs9PP93gXShHcTq255nzRYSKe8AkVpZY7e1fpmTfOyoIvjP5HG7Z2ZM7VS9PPhQGW2pOpw==}
    dev: false

  /prettier/2.8.4:
    resolution: {integrity: sha512-vIS4Rlc2FNh0BySk3Wkd6xmwxB0FpOndW5fisM5H8hsZSxU2VWVB5CWIkIjWvrHjIhxk2g3bfMKM87zNTrZddw==}
    engines: {node: '>=10.13.0'}
    hasBin: true
    dev: true

  /property-information/6.2.0:
    resolution: {integrity: sha512-kma4U7AFCTwpqq5twzC1YVIDXSqg6qQK6JN0smOw8fgRy1OkMi0CYSzFmsy6dnqSenamAtj0CyXMUJ1Mf6oROg==}
    dev: false

  /rehype-parse/8.0.4:
    resolution: {integrity: sha512-MJJKONunHjoTh4kc3dsM1v3C9kGrrxvA3U8PxZlP2SjH8RNUSrb+lF7Y0KVaUDnGH2QZ5vAn7ulkiajM9ifuqg==}
    dependencies:
      '@types/hast': 2.3.4
      hast-util-from-parse5: 7.1.2
      parse5: 6.0.1
      unified: 10.1.2
    dev: false

  /rehype-stringify/9.0.3:
    resolution: {integrity: sha512-kWiZ1bgyWlgOxpqD5HnxShKAdXtb2IUljn3hQAhySeak6IOQPPt6DeGnsIh4ixm7yKJWzm8TXFuC/lPfcWHJqw==}
    dependencies:
      '@types/hast': 2.3.4
      hast-util-to-html: 8.0.4
      unified: 10.1.2
    dev: false

  /space-separated-tokens/2.0.2:
    resolution: {integrity: sha512-PEGlAwrG8yXGXRjW32fGbg66JAlOAwbObuqVoJpv/mRgoWDQfgH1wDPvtzWyUSNAXBGSk8h755YDbbcEy3SH2Q==}
    dev: false

  /stringify-entities/4.0.3:
    resolution: {integrity: sha512-BP9nNHMhhfcMbiuQKCqMjhDP5yBCAxsPu4pHFFzJ6Alo9dZgY4VLDPutXqIjpRiMoKdp7Av85Gr73Q5uH9k7+g==}
    dependencies:
      character-entities-html4: 2.1.0
      character-entities-legacy: 3.0.0
    dev: false

  /trough/2.1.0:
    resolution: {integrity: sha512-AqTiAOLcj85xS7vQ8QkAV41hPDIJ71XJB4RCUrzo/1GM2CQwhkJGaf9Hgr7BOugMRpgGUrqRg/DrBDl4H40+8g==}
    dev: false

  /ts-node/10.9.1_lwgqdwokjtwlohdqtbb6s252kq:
    resolution: {integrity: sha512-NtVysVPkxxrwFGUUxGYhfux8k78pQB3JqYBXlLRZgdGUqTO5wU/UyHop5p70iEbGhB7q5KmiZiU0Y3KlJrScEw==}
    hasBin: true
    peerDependencies:
      '@swc/core': '>=1.2.50'
      '@swc/wasm': '>=1.2.50'
      '@types/node': '*'
      typescript: '>=2.7'
    peerDependenciesMeta:
      '@swc/core':
        optional: true
      '@swc/wasm':
        optional: true
    dependencies:
      '@cspotcode/source-map-support': 0.8.1
      '@tsconfig/node10': 1.0.9
      '@tsconfig/node12': 1.0.11
      '@tsconfig/node14': 1.0.3
      '@tsconfig/node16': 1.0.3
      '@types/node': 18.15.0
      acorn: 8.8.2
      acorn-walk: 8.2.0
      arg: 4.1.3
      create-require: 1.1.1
      diff: 4.0.2
      make-error: 1.3.6
      typescript: 4.9.5
      v8-compile-cache-lib: 3.0.1
      yn: 3.1.1
    dev: true

  /tslib/2.5.0:
    resolution: {integrity: sha512-336iVw3rtn2BUK7ORdIAHTyxHGRIHVReokCR3XjbckJMK7ms8FysBfhLR8IXnAgy7T0PTPNBWKiH514FOW/WSg==}
    dev: true

  /typescript/4.9.5:
    resolution: {integrity: sha512-1FXk9E2Hm+QzZQ7z+McJiHL4NW1F2EzMu9Nq9i3zAaGqibafqYwCVU6WyWAuyQRRzOlxou8xZSyXLEN8oKj24g==}
    engines: {node: '>=4.2.0'}
    hasBin: true
    dev: true

  /unified/10.1.2:
    resolution: {integrity: sha512-pUSWAi/RAnVy1Pif2kAoeWNBa3JVrx0MId2LASj8G+7AiHWoKZNTomq6LG326T68U7/e263X6fTdcXIy7XnF7Q==}
    dependencies:
      '@types/unist': 2.0.6
      bail: 2.0.2
      extend: 3.0.2
      is-buffer: 2.0.5
      is-plain-obj: 4.1.0
      trough: 2.1.0
      vfile: 5.3.7
    dev: false

  /unist-util-is/5.2.1:
    resolution: {integrity: sha512-u9njyyfEh43npf1M+yGKDGVPbY/JWEemg5nH05ncKPfi+kBbKBJoTdsogMu33uhytuLlv9y0O7GH7fEdwLdLQw==}
    dependencies:
      '@types/unist': 2.0.6
    dev: false

  /unist-util-position/4.0.4:
    resolution: {integrity: sha512-kUBE91efOWfIVBo8xzh/uZQ7p9ffYRtUbMRZBNFYwf0RK8koUMx6dGUfwylLOKmaT2cs4wSW96QoYUSXAyEtpg==}
    dependencies:
      '@types/unist': 2.0.6
    dev: false

  /unist-util-stringify-position/3.0.3:
    resolution: {integrity: sha512-k5GzIBZ/QatR8N5X2y+drfpWG8IDBzdnVj6OInRNWm1oXrzydiaAT2OQiA8DPRRZyAKb9b6I2a6PxYklZD0gKg==}
    dependencies:
      '@types/unist': 2.0.6
    dev: false

  /unist-util-visit-parents/5.1.3:
    resolution: {integrity: sha512-x6+y8g7wWMyQhL1iZfhIPhDAs7Xwbn9nRosDXl7qoPTSCy0yNxnKc+hWokFifWQIDGi154rdUqKvbCa4+1kLhg==}
    dependencies:
      '@types/unist': 2.0.6
      unist-util-is: 5.2.1
    dev: false

  /unist-util-visit/4.1.2:
    resolution: {integrity: sha512-MSd8OUGISqHdVvfY9TPhyK2VdUrPgxkUtWSuMHF6XAAFuL4LokseigBnZtPnJMu+FbynTkFNnFlyjxpVKujMRg==}
    dependencies:
      '@types/unist': 2.0.6
      unist-util-is: 5.2.1
      unist-util-visit-parents: 5.1.3
    dev: false

  /v8-compile-cache-lib/3.0.1:
    resolution: {integrity: sha512-wa7YjyUGfNZngI/vtK0UHAN+lgDCxBPCylVXGp0zu59Fz5aiGtNXaq3DhIov063MorB+VfufLh3JlF2KdTK3xg==}
    dev: true

  /vfile-location/4.1.0:
    resolution: {integrity: sha512-YF23YMyASIIJXpktBa4vIGLJ5Gs88UB/XePgqPmTa7cDA+JeO3yclbpheQYCHjVHBn/yePzrXuygIL+xbvRYHw==}
    dependencies:
      '@types/unist': 2.0.6
      vfile: 5.3.7
    dev: false

  /vfile-message/3.1.4:
    resolution: {integrity: sha512-fa0Z6P8HUrQN4BZaX05SIVXic+7kE3b05PWAtPuYP9QLHsLKYR7/AlLW3NtOrpXRLeawpDLMsVkmk5DG0NXgWw==}
    dependencies:
      '@types/unist': 2.0.6
      unist-util-stringify-position: 3.0.3
    dev: false

  /vfile/5.3.7:
    resolution: {integrity: sha512-r7qlzkgErKjobAmyNIkkSpizsFPYiUPuJb5pNW1RB4JcYVZhs4lIbVqk8XPk033CV/1z8ss5pkax8SuhGpcG8g==}
    dependencies:
      '@types/unist': 2.0.6
      is-buffer: 2.0.5
      unist-util-stringify-position: 3.0.3
      vfile-message: 3.1.4
    dev: false

  /web-namespaces/2.0.1:
    resolution: {integrity: sha512-bKr1DkiNa2krS7qxNtdrtHAmzuYGFQLiQ13TsorsdT6ULTkPLKuu5+GsFpDlg6JFjUTwX2DyhMPG2be8uPrqsQ==}
    dev: false

  /yn/3.1.1:
    resolution: {integrity: sha512-Ux4ygGWsu2c7isFWe8Yu1YluJmqVhxqK2cLXNQA5AcC3QfbGNpM7fu0Y8b/z16pXLnFxZYvWhd3fhBY9DLmC6Q==}
    engines: {node: '>=6'}
    dev: true

  /zwitch/2.0.4:
    resolution: {integrity: sha512-bXE4cR/kVZhKZX/RjPEflHaKVhUVl85noU3v6b8apfQEc1x4A+zBxjZ4lN8LqGd6WZ3dl98pY4o717VFmoPp+A==}
    dev: false
